# THIS IS AN AUTOGENERATED FILE. DO NOT EDIT THIS FILE DIRECTLY.
# yarn lockfile v1


"@esbuild/aix-ppc64@0.20.2":
  version "0.20.2"
  resolved "https://registry.npmjs.org/@esbuild/aix-ppc64/-/aix-ppc64-0.20.2.tgz#a70f4ac11c6a1dfc18b8bbb13284155d933b9537"
  integrity sha512-D+EBOJHXdNZcLJRBkhENNG8Wji2kgc9AZ9KiPr1JuZjsNtyHzrsfLRrY0tk2H2aoFu6RANO1y1iPPUCDYWkb5g==

"@esbuild/android-arm64@0.20.2":
  version "0.20.2"
  resolved "https://registry.npmjs.org/@esbuild/android-arm64/-/android-arm64-0.20.2.tgz#db1c9202a5bc92ea04c7b6840f1bbe09ebf9e6b9"
  integrity sha512-mRzjLacRtl/tWU0SvD8lUEwb61yP9cqQo6noDZP/O8VkwafSYwZ4yWy24kan8jE/IMERpYncRt2dw438LP3Xmg==

"@esbuild/android-arm@0.20.2":
  version "0.20.2"
  resolved "https://registry.npmjs.org/@esbuild/android-arm/-/android-arm-0.20.2.tgz#3b488c49aee9d491c2c8f98a909b785870d6e995"
  integrity sha512-t98Ra6pw2VaDhqNWO2Oph2LXbz/EJcnLmKLGBJwEwXX/JAN83Fym1rU8l0JUWK6HkIbWONCSSatf4sf2NBRx/w==

"@esbuild/android-x64@0.20.2":
  version "0.20.2"
  resolved "https://registry.npmjs.org/@esbuild/android-x64/-/android-x64-0.20.2.tgz#3b1628029e5576249d2b2d766696e50768449f98"
  integrity sha512-btzExgV+/lMGDDa194CcUQm53ncxzeBrWJcncOBxuC6ndBkKxnHdFJn86mCIgTELsooUmwUm9FkhSp5HYu00Rg==

"@esbuild/darwin-arm64@0.20.2":
  version "0.20.2"
  resolved "https://registry.npmjs.org/@esbuild/darwin-arm64/-/darwin-arm64-0.20.2.tgz#6e8517a045ddd86ae30c6608c8475ebc0c4000bb"
  integrity sha512-4J6IRT+10J3aJH3l1yzEg9y3wkTDgDk7TSDFX+wKFiWjqWp/iCfLIYzGyasx9l0SAFPT1HwSCR+0w/h1ES/MjA==

"@esbuild/darwin-x64@0.20.2":
  version "0.20.2"
  resolved "https://registry.npmjs.org/@esbuild/darwin-x64/-/darwin-x64-0.20.2.tgz#90ed098e1f9dd8a9381695b207e1cff45540a0d0"
  integrity sha512-tBcXp9KNphnNH0dfhv8KYkZhjc+H3XBkF5DKtswJblV7KlT9EI2+jeA8DgBjp908WEuYll6pF+UStUCfEpdysA==

"@esbuild/freebsd-arm64@0.20.2":
  version "0.20.2"
  resolved "https://registry.npmjs.org/@esbuild/freebsd-arm64/-/freebsd-arm64-0.20.2.tgz#d71502d1ee89a1130327e890364666c760a2a911"
  integrity sha512-d3qI41G4SuLiCGCFGUrKsSeTXyWG6yem1KcGZVS+3FYlYhtNoNgYrWcvkOoaqMhwXSMrZRl69ArHsGJ9mYdbbw==

"@esbuild/freebsd-x64@0.20.2":
  version "0.20.2"
  resolved "https://registry.npmjs.org/@esbuild/freebsd-x64/-/freebsd-x64-0.20.2.tgz#aa5ea58d9c1dd9af688b8b6f63ef0d3d60cea53c"
  integrity sha512-d+DipyvHRuqEeM5zDivKV1KuXn9WeRX6vqSqIDgwIfPQtwMP4jaDsQsDncjTDDsExT4lR/91OLjRo8bmC1e+Cw==

"@esbuild/linux-arm64@0.20.2":
  version "0.20.2"
  resolved "https://registry.npmjs.org/@esbuild/linux-arm64/-/linux-arm64-0.20.2.tgz#055b63725df678379b0f6db9d0fa85463755b2e5"
  integrity sha512-9pb6rBjGvTFNira2FLIWqDk/uaf42sSyLE8j1rnUpuzsODBq7FvpwHYZxQ/It/8b+QOS1RYfqgGFNLRI+qlq2A==

"@esbuild/linux-arm@0.20.2":
  version "0.20.2"
  resolved "https://registry.npmjs.org/@esbuild/linux-arm/-/linux-arm-0.20.2.tgz#76b3b98cb1f87936fbc37f073efabad49dcd889c"
  integrity sha512-VhLPeR8HTMPccbuWWcEUD1Az68TqaTYyj6nfE4QByZIQEQVWBB8vup8PpR7y1QHL3CpcF6xd5WVBU/+SBEvGTg==

"@esbuild/linux-ia32@0.20.2":
  version "0.20.2"
  resolved "https://registry.npmjs.org/@esbuild/linux-ia32/-/linux-ia32-0.20.2.tgz#c0e5e787c285264e5dfc7a79f04b8b4eefdad7fa"
  integrity sha512-o10utieEkNPFDZFQm9CoP7Tvb33UutoJqg3qKf1PWVeeJhJw0Q347PxMvBgVVFgouYLGIhFYG0UGdBumROyiig==

"@esbuild/linux-loong64@0.20.2":
  version "0.20.2"
  resolved "https://registry.npmjs.org/@esbuild/linux-loong64/-/linux-loong64-0.20.2.tgz#a6184e62bd7cdc63e0c0448b83801001653219c5"
  integrity sha512-PR7sp6R/UC4CFVomVINKJ80pMFlfDfMQMYynX7t1tNTeivQ6XdX5r2XovMmha/VjR1YN/HgHWsVcTRIMkymrgQ==

"@esbuild/linux-mips64el@0.20.2":
  version "0.20.2"
  resolved "https://registry.npmjs.org/@esbuild/linux-mips64el/-/linux-mips64el-0.20.2.tgz#d08e39ce86f45ef8fc88549d29c62b8acf5649aa"
  integrity sha512-4BlTqeutE/KnOiTG5Y6Sb/Hw6hsBOZapOVF6njAESHInhlQAghVVZL1ZpIctBOoTFbQyGW+LsVYZ8lSSB3wkjA==

"@esbuild/linux-ppc64@0.20.2":
  version "0.20.2"
  resolved "https://registry.npmjs.org/@esbuild/linux-ppc64/-/linux-ppc64-0.20.2.tgz#8d252f0b7756ffd6d1cbde5ea67ff8fd20437f20"
  integrity sha512-rD3KsaDprDcfajSKdn25ooz5J5/fWBylaaXkuotBDGnMnDP1Uv5DLAN/45qfnf3JDYyJv/ytGHQaziHUdyzaAg==

"@esbuild/linux-riscv64@0.20.2":
  version "0.20.2"
  resolved "https://registry.npmjs.org/@esbuild/linux-riscv64/-/linux-riscv64-0.20.2.tgz#19f6dcdb14409dae607f66ca1181dd4e9db81300"
  integrity sha512-snwmBKacKmwTMmhLlz/3aH1Q9T8v45bKYGE3j26TsaOVtjIag4wLfWSiZykXzXuE1kbCE+zJRmwp+ZbIHinnVg==

"@esbuild/linux-s390x@0.20.2":
  version "0.20.2"
  resolved "https://registry.npmjs.org/@esbuild/linux-s390x/-/linux-s390x-0.20.2.tgz#3c830c90f1a5d7dd1473d5595ea4ebb920988685"
  integrity sha512-wcWISOobRWNm3cezm5HOZcYz1sKoHLd8VL1dl309DiixxVFoFe/o8HnwuIwn6sXre88Nwj+VwZUvJf4AFxkyrQ==

"@esbuild/linux-x64@0.20.2":
  version "0.20.2"
  resolved "https://registry.npmjs.org/@esbuild/linux-x64/-/linux-x64-0.20.2.tgz#86eca35203afc0d9de0694c64ec0ab0a378f6fff"
  integrity sha512-1MdwI6OOTsfQfek8sLwgyjOXAu+wKhLEoaOLTjbijk6E2WONYpH9ZU2mNtR+lZ2B4uwr+usqGuVfFT9tMtGvGw==

"@esbuild/netbsd-x64@0.20.2":
  version "0.20.2"
  resolved "https://registry.npmjs.org/@esbuild/netbsd-x64/-/netbsd-x64-0.20.2.tgz#e771c8eb0e0f6e1877ffd4220036b98aed5915e6"
  integrity sha512-K8/DhBxcVQkzYc43yJXDSyjlFeHQJBiowJ0uVL6Tor3jGQfSGHNNJcWxNbOI8v5k82prYqzPuwkzHt3J1T1iZQ==

"@esbuild/openbsd-x64@0.20.2":
  version "0.20.2"
  resolved "https://registry.npmjs.org/@esbuild/openbsd-x64/-/openbsd-x64-0.20.2.tgz#9a795ae4b4e37e674f0f4d716f3e226dd7c39baf"
  integrity sha512-eMpKlV0SThJmmJgiVyN9jTPJ2VBPquf6Kt/nAoo6DgHAoN57K15ZghiHaMvqjCye/uU4X5u3YSMgVBI1h3vKrQ==

"@esbuild/sunos-x64@0.20.2":
  version "0.20.2"
  resolved "https://registry.npmjs.org/@esbuild/sunos-x64/-/sunos-x64-0.20.2.tgz#7df23b61a497b8ac189def6e25a95673caedb03f"
  integrity sha512-2UyFtRC6cXLyejf/YEld4Hajo7UHILetzE1vsRcGL3earZEW77JxrFjH4Ez2qaTiEfMgAXxfAZCm1fvM/G/o8w==

"@esbuild/win32-arm64@0.20.2":
  version "0.20.2"
  resolved "https://registry.npmjs.org/@esbuild/win32-arm64/-/win32-arm64-0.20.2.tgz#f1ae5abf9ca052ae11c1bc806fb4c0f519bacf90"
  integrity sha512-GRibxoawM9ZCnDxnP3usoUDO9vUkpAxIIZ6GQI+IlVmr5kP3zUq+l17xELTHMWTWzjxa2guPNyrpq1GWmPvcGQ==

"@esbuild/win32-ia32@0.20.2":
  version "0.20.2"
  resolved "https://registry.npmjs.org/@esbuild/win32-ia32/-/win32-ia32-0.20.2.tgz#241fe62c34d8e8461cd708277813e1d0ba55ce23"
  integrity sha512-HfLOfn9YWmkSKRQqovpnITazdtquEW8/SoHW7pWpuEeguaZI4QnCRW6b+oZTztdBnZOS2hqJ6im/D5cPzBTTlQ==

"@esbuild/win32-x64@0.20.2":
  version "0.20.2"
  resolved "https://registry.npmjs.org/@esbuild/win32-x64/-/win32-x64-0.20.2.tgz#9c907b21e30a52db959ba4f80bb01a0cc403d5cc"
  integrity sha512-N49X4lJX27+l9jbLKSqZ6bKNjzQvHaT8IIFUy+YIqmXQdjYCToGWwOItDrfby14c78aDd5NHQl29xingXfCdLQ==

"@rollup/plugin-virtual@^3.0.2":
  version "3.0.2"
  resolved "https://registry.npmjs.org/@rollup/plugin-virtual/-/plugin-virtual-3.0.2.tgz#17e17eeecb4c9fa1c0a6e72c9e5f66382fddbb82"
  integrity sha512-10monEYsBp3scM4/ND4LNH5Rxvh3e/cVeL3jWTgZ2SrQ+BmUoQcopVQvnaMcOnykb1VkxUFuDAN+0FnpTFRy2A==

"@rollup/rollup-android-arm-eabi@4.14.3":
  version "4.14.3"
  resolved "https://registry.npmjs.org/@rollup/rollup-android-arm-eabi/-/rollup-android-arm-eabi-4.14.3.tgz#bddf05c3387d02fac04b6b86b3a779337edfed75"
  integrity sha512-X9alQ3XM6I9IlSlmC8ddAvMSyG1WuHk5oUnXGw+yUBs3BFoTizmG1La/Gr8fVJvDWAq+zlYTZ9DBgrlKRVY06g==

"@rollup/rollup-android-arm64@4.14.3":
  version "4.14.3"
  resolved "https://registry.npmjs.org/@rollup/rollup-android-arm64/-/rollup-android-arm64-4.14.3.tgz#b26bd09de58704c0a45e3375b76796f6eda825e4"
  integrity sha512-eQK5JIi+POhFpzk+LnjKIy4Ks+pwJ+NXmPxOCSvOKSNRPONzKuUvWE+P9JxGZVxrtzm6BAYMaL50FFuPe0oWMQ==

"@rollup/rollup-darwin-arm64@4.14.3":
  version "4.14.3"
  resolved "https://registry.npmjs.org/@rollup/rollup-darwin-arm64/-/rollup-darwin-arm64-4.14.3.tgz#c5f3fd1aa285b6d33dda6e3f3ca395f8c37fd5ca"
  integrity sha512-Od4vE6f6CTT53yM1jgcLqNfItTsLt5zE46fdPaEmeFHvPs5SjZYlLpHrSiHEKR1+HdRfxuzXHjDOIxQyC3ptBA==

"@rollup/rollup-darwin-x64@4.14.3":
  version "4.14.3"
  resolved "https://registry.npmjs.org/@rollup/rollup-darwin-x64/-/rollup-darwin-x64-4.14.3.tgz#8e4673734d7dc9d68f6d48e81246055cda0e840f"
  integrity sha512-0IMAO21axJeNIrvS9lSe/PGthc8ZUS+zC53O0VhF5gMxfmcKAP4ESkKOCwEi6u2asUrt4mQv2rjY8QseIEb1aw==

"@rollup/rollup-linux-arm-gnueabihf@4.14.3":
  version "4.14.3"
  resolved "https://registry.npmjs.org/@rollup/rollup-linux-arm-gnueabihf/-/rollup-linux-arm-gnueabihf-4.14.3.tgz#53ed38eb13b58ababdb55a7f66f0538a7f85dcba"
  integrity sha512-ge2DC7tHRHa3caVEoSbPRJpq7azhG+xYsd6u2MEnJ6XzPSzQsTKyXvh6iWjXRf7Rt9ykIUWHtl0Uz3T6yXPpKw==

"@rollup/rollup-linux-arm-musleabihf@4.14.3":
  version "4.14.3"
  resolved "https://registry.npmjs.org/@rollup/rollup-linux-arm-musleabihf/-/rollup-linux-arm-musleabihf-4.14.3.tgz#0706ee38330e267a5c9326956820f009cfb21fcd"
  integrity sha512-ljcuiDI4V3ySuc7eSk4lQ9wU8J8r8KrOUvB2U+TtK0TiW6OFDmJ+DdIjjwZHIw9CNxzbmXY39wwpzYuFDwNXuw==

"@rollup/rollup-linux-arm64-gnu@4.14.3":
  version "4.14.3"
  resolved "https://registry.npmjs.org/@rollup/rollup-linux-arm64-gnu/-/rollup-linux-arm64-gnu-4.14.3.tgz#426fce7b8b242ac5abd48a10a5020f5a468c6cb4"
  integrity sha512-Eci2us9VTHm1eSyn5/eEpaC7eP/mp5n46gTRB3Aar3BgSvDQGJZuicyq6TsH4HngNBgVqC5sDYxOzTExSU+NjA==

"@rollup/rollup-linux-arm64-musl@4.14.3":
  version "4.14.3"
  resolved "https://registry.npmjs.org/@rollup/rollup-linux-arm64-musl/-/rollup-linux-arm64-musl-4.14.3.tgz#65bf944530d759b50d7ffd00dfbdf4125a43406f"
  integrity sha512-UrBoMLCq4E92/LCqlh+blpqMz5h1tJttPIniwUgOFJyjWI1qrtrDhhpHPuFxULlUmjFHfloWdixtDhSxJt5iKw==

"@rollup/rollup-linux-powerpc64le-gnu@4.14.3":
  version "4.14.3"
  resolved "https://registry.npmjs.org/@rollup/rollup-linux-powerpc64le-gnu/-/rollup-linux-powerpc64le-gnu-4.14.3.tgz#494ba3b31095e9a45df9c3f646d21400fb631a95"
  integrity sha512-5aRjvsS8q1nWN8AoRfrq5+9IflC3P1leMoy4r2WjXyFqf3qcqsxRCfxtZIV58tCxd+Yv7WELPcO9mY9aeQyAmw==

"@rollup/rollup-linux-riscv64-gnu@4.14.3":
  version "4.14.3"
  resolved "https://registry.npmjs.org/@rollup/rollup-linux-riscv64-gnu/-/rollup-linux-riscv64-gnu-4.14.3.tgz#8b88ed0a40724cce04aa15374ebe5ba4092d679f"
  integrity sha512-sk/Qh1j2/RJSX7FhEpJn8n0ndxy/uf0kI/9Zc4b1ELhqULVdTfN6HL31CDaTChiBAOgLcsJ1sgVZjWv8XNEsAQ==

"@rollup/rollup-linux-s390x-gnu@4.14.3":
  version "4.14.3"
  resolved "https://registry.npmjs.org/@rollup/rollup-linux-s390x-gnu/-/rollup-linux-s390x-gnu-4.14.3.tgz#09c9e5ec57a0f6ec3551272c860bb9a04b96d70f"
  integrity sha512-jOO/PEaDitOmY9TgkxF/TQIjXySQe5KVYB57H/8LRP/ux0ZoO8cSHCX17asMSv3ruwslXW/TLBcxyaUzGRHcqg==

"@rollup/rollup-linux-x64-gnu@4.14.3":
  version "4.14.3"
  resolved "https://registry.npmjs.org/@rollup/rollup-linux-x64-gnu/-/rollup-linux-x64-gnu-4.14.3.tgz#197f27fd481ad9c861021d5cbbf21793922a631c"
  integrity sha512-8ybV4Xjy59xLMyWo3GCfEGqtKV5M5gCSrZlxkPGvEPCGDLNla7v48S662HSGwRd6/2cSneMQWiv+QzcttLrrOA==

"@rollup/rollup-linux-x64-musl@4.14.3":
  version "4.14.3"
  resolved "https://registry.npmjs.org/@rollup/rollup-linux-x64-musl/-/rollup-linux-x64-musl-4.14.3.tgz#5cc0522f4942f2df625e9bfb6fb02c6580ffbce6"
  integrity sha512-s+xf1I46trOY10OqAtZ5Rm6lzHre/UiLA1J2uOhCFXWkbZrJRkYBPO6FhvGfHmdtQ3Bx793MNa7LvoWFAm93bg==

"@rollup/rollup-win32-arm64-msvc@4.14.3":
  version "4.14.3"
  resolved "https://registry.npmjs.org/@rollup/rollup-win32-arm64-msvc/-/rollup-win32-arm64-msvc-4.14.3.tgz#a648122389d23a7543b261fba082e65fefefe4f6"
  integrity sha512-+4h2WrGOYsOumDQ5S2sYNyhVfrue+9tc9XcLWLh+Kw3UOxAvrfOrSMFon60KspcDdytkNDh7K2Vs6eMaYImAZg==

"@rollup/rollup-win32-ia32-msvc@4.14.3":
  version "4.14.3"
  resolved "https://registry.npmjs.org/@rollup/rollup-win32-ia32-msvc/-/rollup-win32-ia32-msvc-4.14.3.tgz#34727b5c7953c35fc6e1ae4f770ad3a2025f8e03"
  integrity sha512-T1l7y/bCeL/kUwh9OD4PQT4aM7Bq43vX05htPJJ46RTI4r5KNt6qJRzAfNfM+OYMNEVBWQzR2Gyk+FXLZfogGw==

"@rollup/rollup-win32-x64-msvc@4.14.3":
  version "4.14.3"
  resolved "https://registry.npmjs.org/@rollup/rollup-win32-x64-msvc/-/rollup-win32-x64-msvc-4.14.3.tgz#5b2fb4d8cd44c05deef8a7b0e6deb9ccb8939d18"
  integrity sha512-/BypzV0H1y1HzgYpxqRaXGBRqfodgoBBCcsrujT6QRcakDQdfU+Lq9PENPh5jB4I44YWq+0C2eHsHya+nZY1sA==

"@swc/core-darwin-arm64@1.4.11":
  version "1.4.11"
  resolved "https://registry.npmjs.org/@swc/core-darwin-arm64/-/core-darwin-arm64-1.4.11.tgz#91ef40816e10495a4038a98dc6c8dfcc85d9c59b"
  integrity sha512-C1j1Qp/IHSelVWdEnT7f0iONWxQz6FAqzjCF2iaL+0vFg4V5f2nlgrueY8vj5pNNzSGhrAlxsMxEIp4dj1MXkg==

"@swc/core-darwin-x64@1.4.11":
  version "1.4.11"
  resolved "https://registry.npmjs.org/@swc/core-darwin-x64/-/core-darwin-x64-1.4.11.tgz#6f71e3cd4687ef5df226ba0b8a20adc52fa7dc9e"
  integrity sha512-0TTy3Ni8ncgaMCchSQ7FK8ZXQLlamy0FXmGWbR58c+pVZWYZltYPTmheJUvVcR0H2+gPAymRKyfC0iLszDALjg==

"@swc/core-linux-arm-gnueabihf@1.4.11":
  version "1.4.11"
  resolved "https://registry.npmjs.org/@swc/core-linux-arm-gnueabihf/-/core-linux-arm-gnueabihf-1.4.11.tgz#08521822b5510cb506bc49e728f416636ff0306f"
  integrity sha512-XJLB71uw0rog4DjYAPxFGAuGCBQpgJDlPZZK6MTmZOvI/1t0+DelJ24IjHIxk500YYM26Yv47xPabqFPD7I2zQ==

"@swc/core-linux-arm64-gnu@1.4.11":
  version "1.4.11"
  resolved "https://registry.npmjs.org/@swc/core-linux-arm64-gnu/-/core-linux-arm64-gnu-1.4.11.tgz#9485bc591aa573b282d08b168b80a60badb8df9b"
  integrity sha512-vYQwzJvm/iu052d5Iw27UFALIN5xSrGkPZXxLNMHPySVko2QMNNBv35HLatkEQHbQ3X+VKSW9J9SkdtAvAVRAQ==

"@swc/core-linux-arm64-musl@1.4.11":
  version "1.4.11"
  resolved "https://registry.npmjs.org/@swc/core-linux-arm64-musl/-/core-linux-arm64-musl-1.4.11.tgz#85eecad7aaab7e94b1ff15ab9d95e80a1e95f356"
  integrity sha512-eV+KduiRYUFjPsvbZuJ9aknQH9Tj0U2/G9oIZSzLx/18WsYi+upzHbgxmIIHJ2VJgfd7nN40RI/hMtxNsUzR/g==

"@swc/core-linux-x64-gnu@1.4.11":
  version "1.4.11"
  resolved "https://registry.npmjs.org/@swc/core-linux-x64-gnu/-/core-linux-x64-gnu-1.4.11.tgz#16259de893489b4699045e36bf52b2afe5d10f6d"
  integrity sha512-WA1iGXZ2HpqM1OR9VCQZJ8sQ1KP2or9O4bO8vWZo6HZJIeoQSo7aa9waaCLRpkZvkng1ct/TF/l6ymqSNFXIzQ==

"@swc/core-linux-x64-musl@1.4.11":
  version "1.4.11"
  resolved "https://registry.npmjs.org/@swc/core-linux-x64-musl/-/core-linux-x64-musl-1.4.11.tgz#0f4e644fc2b62c8c966072389d354337a22b4dde"
  integrity sha512-UkVJToKf0owwQYRnGvjHAeYVDfeimCEcx0VQSbJoN7Iy0ckRZi7YPlmWJU31xtKvikE2bQWCOVe0qbSDqqcWXA==

"@swc/core-win32-arm64-msvc@1.4.11":
  version "1.4.11"
  resolved "https://registry.npmjs.org/@swc/core-win32-arm64-msvc/-/core-win32-arm64-msvc-1.4.11.tgz#d836b79d8730bf83e6b38a5b888e83944d6fb233"
  integrity sha512-35khwkyly7lF5NDSyvIrukBMzxPorgc5iTSDfVO/LvnmN5+fm4lTlrDr4tUfTdOhv3Emy7CsKlsNAeFRJ+Pm+w==

"@swc/core-win32-ia32-msvc@1.4.11":
  version "1.4.11"
  resolved "https://registry.npmjs.org/@swc/core-win32-ia32-msvc/-/core-win32-ia32-msvc-1.4.11.tgz#bc60bbdc65134aaa5b214e2aaf209acfce401d17"
  integrity sha512-Wx8/6f0ufgQF2pbVPsJ2dAmFLwIOW+xBE5fxnb7VnEbGkTgP1qMDWiiAtD9rtvDSuODG3i1AEmAak/2HAc6i6A==

"@swc/core-win32-x64-msvc@1.4.11":
  version "1.4.11"
  resolved "https://registry.npmjs.org/@swc/core-win32-x64-msvc/-/core-win32-x64-msvc-1.4.11.tgz#92fd6d4e2d70bbd4fda438f02310d998db8c7b7c"
  integrity sha512-0xRFW6K9UZQH2NVC/0pVB0GJXS45lY24f+6XaPBF1YnMHd8A8GoHl7ugyM5yNUTe2AKhSgk5fJV00EJt/XBtdQ==

"@swc/core@^1.3.100":
  version "1.4.11"
  resolved "https://registry.npmjs.org/@swc/core/-/core-1.4.11.tgz#e91f488df9242584cc6f1b034419f8302aeb0c85"
  integrity sha512-WKEakMZxkVwRdgMN4AMJ9K5nysY8g8npgQPczmjBeNK5In7QEAZAJwnyccrWwJZU0XjVeHn2uj+XbOKdDW17rg==
  dependencies:
    "@swc/counter" "^0.1.2"
    "@swc/types" "^0.1.5"
  optionalDependencies:
    "@swc/core-darwin-arm64" "1.4.11"
    "@swc/core-darwin-x64" "1.4.11"
    "@swc/core-linux-arm-gnueabihf" "1.4.11"
    "@swc/core-linux-arm64-gnu" "1.4.11"
    "@swc/core-linux-arm64-musl" "1.4.11"
    "@swc/core-linux-x64-gnu" "1.4.11"
    "@swc/core-linux-x64-musl" "1.4.11"
    "@swc/core-win32-arm64-msvc" "1.4.11"
    "@swc/core-win32-ia32-msvc" "1.4.11"
    "@swc/core-win32-x64-msvc" "1.4.11"

"@swc/counter@^0.1.2", "@swc/counter@^0.1.3":
  version "0.1.3"
  resolved "https://registry.npmjs.org/@swc/counter/-/counter-0.1.3.tgz#cc7463bd02949611c6329596fccd2b0ec782b0e9"
  integrity sha512-e2BR4lsJkkRlKZ/qCHPw9ZaSxc0MVUd7gtbtaB7aMvHeJVYe8sOB8DBZkP2DtISHGSku9sCK6T6cnY0CtXrOCQ==

"@swc/types@^0.1.5":
  version "0.1.6"
  resolved "https://registry.npmjs.org/@swc/types/-/types-0.1.6.tgz#2f13f748995b247d146de2784d3eb7195410faba"
  integrity sha512-/JLo/l2JsT/LRd80C3HfbmVpxOAJ11FO2RCEslFrgzLltoP9j8XIbsyDcfCt2WWyX+CM96rBoNM+IToAkFOugg==
  dependencies:
    "@swc/counter" "^0.1.3"

"@tweenjs/tween.js@~23.1.1":
  version "23.1.1"
  resolved "https://registry.npmjs.org/@tweenjs/tween.js/-/tween.js-23.1.1.tgz#0ae28ed9c635805557f78c2626464018d5f1b5e2"
  integrity sha512-ZpboH7pCPPeyBWKf8c7TJswtCEQObFo3bOBYalm99NzZarATALYCo5OhbCa/n4RQyJyHfhkdx+hNrdL5ByFYDw==

"@types/dom-webcodecs@^0.1.11":
  version "0.1.11"
  resolved "https://registry.npmjs.org/@types/dom-webcodecs/-/dom-webcodecs-0.1.11.tgz#2e36e5cc71789551f107e2fe15d956845fa19567"
  integrity sha512-yPEZ3z7EohrmOxbk/QTAa0yonMFkNkjnVXqbGb7D4rMr+F1dGQ8ZUFxXkyLLJuiICPejZ0AZE9Rrk9wUCczx4A==

"@types/estree@1.0.5":
  version "1.0.5"
  resolved "https://registry.npmjs.org/@types/estree/-/estree-1.0.5.tgz#a6ce3e556e00fd9895dd872dd172ad0d4bd687f4"
  integrity sha512-/kYRxGDLWzHOB7q+wtSUQlFrtcdUccpfy+X+9iMBpHK8QLLhx2wIPYuS5DYtR9Wa/YlZAbIovy7qVdB1Aq6Lyw==

"@types/node@^20.11.30":
  version "20.12.7"
  resolved "https://registry.npmjs.org/@types/node/-/node-20.12.7.tgz#04080362fa3dd6c5822061aa3124f5c152cff384"
  integrity sha512-wq0cICSkRLVaf3UGLMGItu/PtdY7oaXaI/RVU+xliKVOtRna3PRY57ZDfztpDL0n11vfymMUnXv8QwYCO7L1wg==
  dependencies:
    undici-types "~5.26.4"

"@types/stats.js@*":
  version "0.17.3"
  resolved "https://registry.npmjs.org/@types/stats.js/-/stats.js-0.17.3.tgz#705446e12ce0fad618557dd88236f51148b7a935"
  integrity sha512-pXNfAD3KHOdif9EQXZ9deK82HVNaXP5ZIF5RP2QG6OQFNTaY2YIetfrE9t528vEreGQvEPRDDc8muaoYeK0SxQ==

"@types/three@^0.162.0":
  version "0.162.0"
  resolved "https://registry.npmjs.org/@types/three/-/three-0.162.0.tgz#79d170c88f14b2eaee6b76af00fc4016a533e586"
  integrity sha512-0j5yZcVukVIhrhSIC7+LmBPkkMoMuEJ1AfYBZfgNytdYqYREMuiyXWhYOMeZLBElTEAlJIZn7r2W3vqTIgjWlg==
  dependencies:
    "@tweenjs/tween.js" "~23.1.1"
    "@types/stats.js" "*"
    "@types/webxr" "*"
    fflate "~0.6.10"
    meshoptimizer "~0.18.1"

"@types/webxr@*":
  version "0.5.14"
  resolved "https://registry.npmjs.org/@types/webxr/-/webxr-0.5.14.tgz#9a03121a4912ea113b31e5c9c17f164d4fff8a1f"
  integrity sha512-UEMMm/Xn3DtEa+gpzUrOcDj+SJS1tk5YodjwOxcqStNhCfPcwgyC5Srg2ToVKyg2Fhq16Ffpb0UWUQHqoT9AMA==

"@webgpu/types@^0.1.40":
  version "0.1.40"
  resolved "https://registry.npmjs.org/@webgpu/types/-/types-0.1.40.tgz#cf72d1df6f9f8adc5d39556041f20ff2e8a58885"
  integrity sha512-/BBkHLS6/eQjyWhY2H7Dx5DHcVrS2ICj9owvSRdgtQT6KcafLZA86tPze0xAOsd4FbsYKCUBUQyNi87q7gV7kw==

esbuild@^0.20.1:
  version "0.20.2"
  resolved "https://registry.npmjs.org/esbuild/-/esbuild-0.20.2.tgz#9d6b2386561766ee6b5a55196c6d766d28c87ea1"
  integrity sha512-WdOOppmUNU+IbZ0PaDiTst80zjnrOkyJNHoKupIcVyU8Lvla3Ugx94VzkQ32Ijqd7UhHJy75gNWDMUekcrSJ6g==
  optionalDependencies:
    "@esbuild/aix-ppc64" "0.20.2"
    "@esbuild/android-arm" "0.20.2"
    "@esbuild/android-arm64" "0.20.2"
    "@esbuild/android-x64" "0.20.2"
    "@esbuild/darwin-arm64" "0.20.2"
    "@esbuild/darwin-x64" "0.20.2"
    "@esbuild/freebsd-arm64" "0.20.2"
    "@esbuild/freebsd-x64" "0.20.2"
    "@esbuild/linux-arm" "0.20.2"
    "@esbuild/linux-arm64" "0.20.2"
    "@esbuild/linux-ia32" "0.20.2"
    "@esbuild/linux-loong64" "0.20.2"
    "@esbuild/linux-mips64el" "0.20.2"
    "@esbuild/linux-ppc64" "0.20.2"
    "@esbuild/linux-riscv64" "0.20.2"
    "@esbuild/linux-s390x" "0.20.2"
    "@esbuild/linux-x64" "0.20.2"
    "@esbuild/netbsd-x64" "0.20.2"
    "@esbuild/openbsd-x64" "0.20.2"
    "@esbuild/sunos-x64" "0.20.2"
    "@esbuild/win32-arm64" "0.20.2"
    "@esbuild/win32-ia32" "0.20.2"
    "@esbuild/win32-x64" "0.20.2"

fflate@~0.6.10:
  version "0.6.10"
  resolved "https://registry.npmjs.org/fflate/-/fflate-0.6.10.tgz#5f40f9659205936a2d18abf88b2e7781662b6d43"
  integrity sha512-IQrh3lEPM93wVCEczc9SaAOvkmcoQn/G8Bo1e8ZPlY3X3bnAxWaBdvTdvM1hP62iZp0BXWDy4vTAy4fF0+Dlpg==

fsevents@~2.3.2, fsevents@~2.3.3:
  version "2.3.3"
  resolved "https://registry.npmjs.org/fsevents/-/fsevents-2.3.3.tgz#cac6407785d03675a2a5e1a5305c697b347d90d6"
  integrity sha512-5xoDfX+fL7faATnagmWPpbFtwh/R77WmMMqqHGS65C3vvB0YHrgF+B1YmZ3441tMj5n63k0212XNoJwzlhffQw==

gl-matrix@^3.4.3:
  version "3.4.3"
  resolved "https://registry.npmjs.org/gl-matrix/-/gl-matrix-3.4.3.tgz#fc1191e8320009fd4d20e9339595c6041ddc22c9"
  integrity sha512-wcCp8vu8FT22BnvKVPjXa/ICBWRq/zjFfdofZy1WSpQZpphblv12/bOQLBC1rMM7SGOFS9ltVmKOHil5+Ml7gA==

meshoptimizer@~0.18.1:
  version "0.18.1"
  resolved "https://registry.npmjs.org/meshoptimizer/-/meshoptimizer-0.18.1.tgz#cdb90907f30a7b5b1190facd3b7ee6b7087797d8"
  integrity sha512-ZhoIoL7TNV4s5B6+rx5mC//fw8/POGyNxS/DZyCJeiZ12ScLfVwRE/GfsxwiTkMYYD5DmK2/JXnEVXqL4rF+Sw==

nanoid@^3.3.7:
  version "3.3.7"
  resolved "https://registry.npmjs.org/nanoid/-/nanoid-3.3.7.tgz#d0c301a691bc8d54efa0a2226ccf3fe2fd656bd8"
  integrity sha512-eSRppjcPIatRIMC1U6UngP8XFcz8MQWGQdt1MTBQ7NaAmvXDfvNxbvWV3x2y6CdEUciCSsDHDQZbhYaB8QEo2g==

picocolors@^1.0.0:
  version "1.0.0"
  resolved "https://registry.npmjs.org/picocolors/-/picocolors-1.0.0.tgz#cb5bdc74ff3f51892236eaf79d68bc44564ab81c"
  integrity sha512-1fygroTLlHu66zi26VoTDv8yRgm0Fccecssto+MhsZ0D/DGW2sm8E8AjW7NU5VVTRt5GxbeZ5qBuJr+HyLYkjQ==

postcss@^8.4.38:
  version "8.4.38"
  resolved "https://registry.npmjs.org/postcss/-/postcss-8.4.38.tgz#b387d533baf2054288e337066d81c6bee9db9e0e"
  integrity sha512-Wglpdk03BSfXkHoQa3b/oulrotAkwrlLDRSOb9D0bN86FdRyE9lppSp33aHNPgBa0JKCoB+drFLZkQoRRYae5A==
  dependencies:
    nanoid "^3.3.7"
    picocolors "^1.0.0"
    source-map-js "^1.2.0"

rollup@^4.13.0:
  version "4.14.3"
  resolved "https://registry.npmjs.org/rollup/-/rollup-4.14.3.tgz#bcbb7784b35826d3164346fa6d5aac95190d8ba9"
  integrity sha512-ag5tTQKYsj1bhrFC9+OEWqb5O6VYgtQDO9hPDBMmIbePwhfSr+ExlcU741t8Dhw5DkPCQf6noz0jb36D6W9/hw==
  dependencies:
    "@types/estree" "1.0.5"
  optionalDependencies:
    "@rollup/rollup-android-arm-eabi" "4.14.3"
    "@rollup/rollup-android-arm64" "4.14.3"
    "@rollup/rollup-darwin-arm64" "4.14.3"
    "@rollup/rollup-darwin-x64" "4.14.3"
    "@rollup/rollup-linux-arm-gnueabihf" "4.14.3"
    "@rollup/rollup-linux-arm-musleabihf" "4.14.3"
    "@rollup/rollup-linux-arm64-gnu" "4.14.3"
    "@rollup/rollup-linux-arm64-musl" "4.14.3"
    "@rollup/rollup-linux-powerpc64le-gnu" "4.14.3"
    "@rollup/rollup-linux-riscv64-gnu" "4.14.3"
    "@rollup/rollup-linux-s390x-gnu" "4.14.3"
    "@rollup/rollup-linux-x64-gnu" "4.14.3"
    "@rollup/rollup-linux-x64-musl" "4.14.3"
    "@rollup/rollup-win32-arm64-msvc" "4.14.3"
    "@rollup/rollup-win32-ia32-msvc" "4.14.3"
    "@rollup/rollup-win32-x64-msvc" "4.14.3"
    fsevents "~2.3.2"

source-map-js@^1.2.0:
  version "1.2.0"
  resolved "https://registry.npmjs.org/source-map-js/-/source-map-js-1.2.0.tgz#16b809c162517b5b8c3e7dcd315a2a5c2612b2af"
  integrity sha512-itJW8lvSA0TXEphiRoawsCksnlf8SyvmFzIhltqAHluXd88pkCd+cXJVHTDwdCr0IzwptSm035IHQktUu1QUMg==

three@^0.162.0:
  version "0.162.0"
  resolved "https://registry.npmjs.org/three/-/three-0.162.0.tgz#b15a511f1498e0c42d4d00bbb411c7527b06097e"
  integrity sha512-xfCYj4RnlozReCmUd+XQzj6/5OjDNHBy5nT6rVwrOKGENAvpXe2z1jL+DZYaMu4/9pNsjH/4Os/VvS9IrH7IOQ==

typescript@^5.4.3:
  version "5.4.5"
  resolved "https://registry.npmjs.org/typescript/-/typescript-5.4.5.tgz#42ccef2c571fdbd0f6718b1d1f5e6e5ef006f611"
  integrity sha512-vcI4UpRgg81oIRUFwR0WSIHKt11nJ7SAVlYNIu+QpqeyXP+gpQJy/Z4+F0aGxSE4MqwjyXvW/TzgkLAx2AGHwQ==

undici-types@~5.26.4:
  version "5.26.5"
  resolved "https://registry.npmjs.org/undici-types/-/undici-types-5.26.5.tgz#bcd539893d00b56e964fd2657a4866b221a65617"
  integrity sha512-JlCMO+ehdEIKqlFxk6IfVoAUVmgz7cU7zD/h9XZ0qzeosSHmUJVOzSQvvYSYWXkFXC+IfLKSIffhv0sVZup6pA==

uuid@^9.0.1:
  version "9.0.1"
  resolved "https://registry.npmjs.org/uuid/-/uuid-9.0.1.tgz#e188d4c8853cc722220392c424cd637f32293f30"
  integrity sha512-b+1eJOlsR9K8HJpow9Ok3fiWOWSIcIzXodvv0rQjVoOVNpWMpxf1wZNpt4y9h10odCNrqnYp1OBzRktckBe3sA==

vite-plugin-top-level-await@^1.4.1:
  version "1.4.1"
  resolved "https://registry.npmjs.org/vite-plugin-top-level-await/-/vite-plugin-top-level-await-1.4.1.tgz#607dfe084157550fa33df18062b99ceea774cd9c"
  integrity sha512-hogbZ6yT7+AqBaV6lK9JRNvJDn4/IJvHLu6ET06arNfo0t2IsyCaon7el9Xa8OumH+ESuq//SDf8xscZFE0rWw==
  dependencies:
    "@rollup/plugin-virtual" "^3.0.2"
    "@swc/core" "^1.3.100"
    uuid "^9.0.1"

vite@^5.2.3:
  version "5.2.9"
  resolved "https://registry.npmjs.org/vite/-/vite-5.2.9.tgz#cd9a356c6ff5f7456c09c5ce74068ffa8df743d9"
  integrity sha512-uOQWfuZBlc6Y3W/DTuQ1Sr+oIXWvqljLvS881SVmAj00d5RdgShLcuXWxseWPd4HXwiYBFW/vXHfKFeqj9uQnw==
  dependencies:
    esbuild "^0.20.1"
    postcss "^8.4.38"
    rollup "^4.13.0"
  optionalDependencies:
    fsevents "~2.3.3"

webgpu-utils@^1.7.0:
  version "1.7.0"
  resolved "https://registry.npmjs.org/webgpu-utils/-/webgpu-utils-1.7.0.tgz#70930e7230e89f6a14f0ff572c1b62376f713cd9"
  integrity sha512-/btUb2bWDkX3JnK8fiEImiuyzzv1KiIqFCw9uGq6BwoPZLc33pEOL5JFIqP/qSSoPLFv3lc0Q4pO0Tgc0nvgAw==

webgpu@^0.1.16:
  version "0.1.16"
  resolved "https://registry.npmjs.org/webgpu/-/webgpu-0.1.16.tgz#dec416373e308181b28864b58c8a914461d7ceee"
  integrity sha512-KAXn/f8lnL8o4B718zzdfi1l0nEWQpuoWlC1L5WM/svAbeHjShCEI0l5ZcZBEEUm9FF3ZTgRjWk8iwbJfnGKTA==
